
Microsoft Visual Studio Solution File, Format Version 12.00
# Visual Studio Version 16
VisualStudioVersion = 16.0.32630.194
MinimumVisualStudioVersion = 10.0.40219.1
Project("{FAE04EC0-301F-11D3-BF4B-00C04F79EFBC}") = "ScheduleApp", "ScheduleApp\ScheduleApp.csproj", "{B95509E4-5F1D-474E-90B5-96E064CE7363}"
EndProject
Project("{FAE04EC0-301F-11D3-BF4B-00C04F79EFBC}") = "ScheduleUnitTest", "ScheduleUnitTest\ScheduleUnitTest.csproj", "{38758254-2E77-4B6C-8321-ADAC4D91C2AF}"
EndProject
Global
	GlobalSection(SolutionConfigurationPlatforms) = preSolution
		Debug|Any CPU = Debug|Any CPU
		Release|Any CPU = Release|Any CPU
	EndGlobalSection
	GlobalSection(ProjectConfigurationPlatforms) = postSolution
		{B95509E4-5F1D-474E-90B5-96E064CE7363}.Debug|Any CPU.ActiveCfg = Debug|Any CPU
		{B95509E4-5F1D-474E-90B5-96E064CE7363}.Debug|Any CPU.Build.0 = Debug|Any CPU
		{B95509E4-5F1D-474E-90B5-96E064CE7363}.Release|Any CPU.ActiveCfg = Release|Any CPU
		{B95509E4-5F1D-474E-90B5-96E064CE7363}.Release|Any CPU.Build.0 = Release|Any CPU
		{38758254-2E77-4B6C-8321-ADAC4D91C2AF}.Debug|Any CPU.ActiveCfg = Debug|Any CPU
		{38758254-2E77-4B6C-8321-ADAC4D91C2AF}.Debug|Any CPU.Build.0 = Debug|Any CPU
		{38758254-2E77-4B6C-8321-ADAC4D91C2AF}.Release|Any CPU.ActiveCfg = Release|Any CPU
		{38758254-2E77-4B6C-8321-ADAC4D91C2AF}.Release|Any CPU.Build.0 = Release|Any CPU
	EndGlobalSection
	GlobalSection(SolutionProperties) = preSolution
		HideSolutionNode = FALSE
	EndGlobalSection
	GlobalSection(ExtensibilityGlobals) = postSolution
		SolutionGuid = {DBED68D4-6ED1-4325-98E3-2743B33A7A04}
	EndGlobalSection
EndGlobal
